
Microsoft Visual Studio Solution File, Format Version 12.00
# Visual Studio Version 17
VisualStudioVersion = 17.10.34928.147
MinimumVisualStudioVersion = 10.0.40219.1
Project("{FAE04EC0-301F-11D3-BF4B-00C04F79EFBC}") = "Biruwaa", "biruwaa\Biruwaa.csproj", "{73AE4EA1-AFBA-4990-9377-9EA901C08F3F}"
EndProject
Project("{FAE04EC0-301F-11D3-BF4B-00C04F79EFBC}") = "Biruwaa.DataAccess", "Biruwaa.DataAccess\Biruwaa.DataAccess.csproj", "{214323FD-26B0-4A16-BF0B-82CEABEBF99F}"
EndProject
Project("{FAE04EC0-301F-11D3-BF4B-00C04F79EFBC}") = "Biruwaa.Models", "Biruwaa.Models\Biruwaa.Models.csproj", "{37ACD757-46CE-43A6-BC54-430C901AE53D}"
EndProject
Project("{FAE04EC0-301F-11D3-BF4B-00C04F79EFBC}") = "Biruwaa.Utility", "Biruwaa.Utility\Biruwaa.Utility.csproj", "{75D5703A-1C2C-47D4-B5B6-EAE912B9F93F}"
EndProject
Global
	GlobalSection(SolutionConfigurationPlatforms) = preSolution
		Debug|Any CPU = Debug|Any CPU
		Release|Any CPU = Release|Any CPU
	EndGlobalSection
	GlobalSection(ProjectConfigurationPlatforms) = postSolution
		{73AE4EA1-AFBA-4990-9377-9EA901C08F3F}.Debug|Any CPU.ActiveCfg = Debug|Any CPU
		{73AE4EA1-AFBA-4990-9377-9EA901C08F3F}.Debug|Any CPU.Build.0 = Debug|Any CPU
		{73AE4EA1-AFBA-4990-9377-9EA901C08F3F}.Release|Any CPU.ActiveCfg = Release|Any CPU
		{73AE4EA1-AFBA-4990-9377-9EA901C08F3F}.Release|Any CPU.Build.0 = Release|Any CPU
		{214323FD-26B0-4A16-BF0B-82CEABEBF99F}.Debug|Any CPU.ActiveCfg = Debug|Any CPU
		{214323FD-26B0-4A16-BF0B-82CEABEBF99F}.Debug|Any CPU.Build.0 = Debug|Any CPU
		{214323FD-26B0-4A16-BF0B-82CEABEBF99F}.Release|Any CPU.ActiveCfg = Release|Any CPU
		{214323FD-26B0-4A16-BF0B-82CEABEBF99F}.Release|Any CPU.Build.0 = Release|Any CPU
		{37ACD757-46CE-43A6-BC54-430C901AE53D}.Debug|Any CPU.ActiveCfg = Debug|Any CPU
		{37ACD757-46CE-43A6-BC54-430C901AE53D}.Debug|Any CPU.Build.0 = Debug|Any CPU
		{37ACD757-46CE-43A6-BC54-430C901AE53D}.Release|Any CPU.ActiveCfg = Release|Any CPU
		{37ACD757-46CE-43A6-BC54-430C901AE53D}.Release|Any CPU.Build.0 = Release|Any CPU
		{75D5703A-1C2C-47D4-B5B6-EAE912B9F93F}.Debug|Any CPU.ActiveCfg = Debug|Any CPU
		{75D5703A-1C2C-47D4-B5B6-EAE912B9F93F}.Debug|Any CPU.Build.0 = Debug|Any CPU
		{75D5703A-1C2C-47D4-B5B6-EAE912B9F93F}.Release|Any CPU.ActiveCfg = Release|Any CPU
		{75D5703A-1C2C-47D4-B5B6-EAE912B9F93F}.Release|Any CPU.Build.0 = Release|Any CPU
	EndGlobalSection
	GlobalSection(SolutionProperties) = preSolution
		HideSolutionNode = FALSE
	EndGlobalSection
	GlobalSection(ExtensibilityGlobals) = postSolution
		SolutionGuid = {D0CFBE9C-D68D-4239-94D4-EF829A8AF585}
	EndGlobalSection
EndGlobal
